{
  "name": "wesktop",
  "version": "0.10.0",
  "lockfileVersion": 3,
  "requires": true,
  "packages": {
    "": {
      "name": "wesktop",
      "version": "0.10.0",
      "license": "MIT",
      "bin": {
        "wesktop": "bin/cli.js"
      },
      "engines": {
        "node": ">=18"
      }
    }
  }
}
